
Microsoft Visual Studio Solution File, Format Version 12.00
# Visual Studio Version 16
VisualStudioVersion = 16.0.33214.272
MinimumVisualStudioVersion = 10.0.40219.1
Project("{FAE04EC0-301F-11D3-BF4B-00C04F79EFBC}") = "restaurentdata", "restaurentdata.csproj", "{A823E24D-2808-4787-BAEA-FDFAAC434C37}"
EndProject
Global
	GlobalSection(SolutionConfigurationPlatforms) = preSolution
		Debug|Any CPU = Debug|Any CPU
		Release|Any CPU = Release|Any CPU
	EndGlobalSection
	GlobalSection(ProjectConfigurationPlatforms) = postSolution
		{A823E24D-2808-4787-BAEA-FDFAAC434C37}.Debug|Any CPU.ActiveCfg = Debug|Any CPU
		{A823E24D-2808-4787-BAEA-FDFAAC434C37}.Debug|Any CPU.Build.0 = Debug|Any CPU
		{A823E24D-2808-4787-BAEA-FDFAAC434C37}.Release|Any CPU.ActiveCfg = Release|Any CPU
		{A823E24D-2808-4787-BAEA-FDFAAC434C37}.Release|Any CPU.Build.0 = Release|Any CPU
	EndGlobalSection
	GlobalSection(SolutionProperties) = preSolution
		HideSolutionNode = FALSE
	EndGlobalSection
	GlobalSection(ExtensibilityGlobals) = postSolution
		SolutionGuid = {AA01EDF3-FE11-47EB-9D29-107F53DD3525}
	EndGlobalSection
EndGlobal
